// !$*UTF8*$!
{
	archiveVersion = 1;
	classes = {
	};
	objectVersion = 56;
	objects = {

/* Begin PBXBuildFile section */
		47E015262C6898F6000EA732 /* DisasterGuidebookApp.swift in Sources */ = {isa = PBXBuildFile; fileRef = 47E015252C6898F6000EA732 /* DisasterGuidebookApp.swift */; };
		47E015282C6898F6000EA732 /* ContentView.swift in Sources */ = {isa = PBXBuildFile; fileRef = 47E015272C6898F6000EA732 /* ContentView.swift */; };
		47E0152A2C6898F8000EA732 /* Assets.xcassets in Resources */ = {isa = PBXBuildFile; fileRef = 47E015292C6898F8000EA732 /* Assets.xcassets */; };
		47E0152D2C6898F8000EA732 /* Preview Assets.xcassets in Resources */ = {isa = PBXBuildFile; fileRef = 47E0152C2C6898F8000EA732 /* Preview Assets.xcassets */; };
		47E015342C689952000EA732 /* MainTabView.swift in Sources */ = {isa = PBXBuildFile; fileRef = 47E015332C689952000EA732 /* MainTabView.swift */; };
		47E015362C689A9F000EA732 /* SettingView.swift in Sources */ = {isa = PBXBuildFile; fileRef = 47E015352C689A9F000EA732 /* SettingView.swift */; };
		47E0153A2C68A22C000EA732 /* DisasterItemModel.swift in Sources */ = {isa = PBXBuildFile; fileRef = 47E015392C68A22C000EA732 /* DisasterItemModel.swift */; };
		47E0153E2C6B99CB000EA732 /* FamilyEvacuationPlanView.swift in Sources */ = {isa = PBXBuildFile; fileRef = 47E0153D2C6B99C9000EA732 /* FamilyEvacuationPlanView.swift */; };
		47E015402C6B9AB8000EA732 /* HomeSafetyCheckView.swift in Sources */ = {isa = PBXBuildFile; fileRef = 47E0153F2C6B9AB8000EA732 /* HomeSafetyCheckView.swift */; };
		47E015422C6B9B87000EA732 /* NearbyRiskInfoView.swift in Sources */ = {isa = PBXBuildFile; fileRef = 47E015412C6B9B87000EA732 /* NearbyRiskInfoView.swift */; };
		47E0154A2C6BDC83000EA732 /* EmergencyContact.swift in Sources */ = {isa = PBXBuildFile; fileRef = 47E015492C6BDC83000EA732 /* EmergencyContact.swift */; };
		47E015542C6C8D27000EA732 /* RecoverySectionView.swift in Sources */ = {isa = PBXBuildFile; fileRef = 47E015532C6C8D27000EA732 /* RecoverySectionView.swift */; };
		47E015562C6C8EAC000EA732 /* DisasterItemsView.swift in Sources */ = {isa = PBXBuildFile; fileRef = 47E015552C6C8EAC000EA732 /* DisasterItemsView.swift */; };
		47E015582C6C8EEB000EA732 /* PreparationSectionView.swift in Sources */ = {isa = PBXBuildFile; fileRef = 47E015572C6C8EEB000EA732 /* PreparationSectionView.swift */; };
		47E0155A2C6C9107000EA732 /* DisasterResponseView.swift in Sources */ = {isa = PBXBuildFile; fileRef = 47E015592C6C9107000EA732 /* DisasterResponseView.swift */; };
		47E0155C2C6C934A000EA732 /* DisasterInfoView.swift in Sources */ = {isa = PBXBuildFile; fileRef = 47E0155B2C6C934A000EA732 /* DisasterInfoView.swift */; };
/* End PBXBuildFile section */

/* Begin PBXFileReference section */
		47E015222C6898F6000EA732 /* DisasterGuidebook.app */ = {isa = PBXFileReference; explicitFileType = wrapper.application; includeInIndex = 0; path = DisasterGuidebook.app; sourceTree = BUILT_PRODUCTS_DIR; };
		47E015252C6898F6000EA732 /* DisasterGuidebookApp.swift */ = {isa = PBXFileReference; lastKnownFileType = sourcecode.swift; path = DisasterGuidebookApp.swift; sourceTree = "<group>"; };
		47E015272C6898F6000EA732 /* ContentView.swift */ = {isa = PBXFileReference; lastKnownFileType = sourcecode.swift; path = ContentView.swift; sourceTree = "<group>"; };
		47E015292C6898F8000EA732 /* Assets.xcassets */ = {isa = PBXFileReference; lastKnownFileType = folder.assetcatalog; path = Assets.xcassets; sourceTree = "<group>"; };
		47E0152C2C6898F8000EA732 /* Preview Assets.xcassets */ = {isa = PBXFileReference; lastKnownFileType = folder.assetcatalog; path = "Preview Assets.xcassets"; sourceTree = "<group>"; };
		47E015332C689952000EA732 /* MainTabView.swift */ = {isa = PBXFileReference; lastKnownFileType = sourcecode.swift; path = MainTabView.swift; sourceTree = "<group>"; };
		47E015352C689A9F000EA732 /* SettingView.swift */ = {isa = PBXFileReference; lastKnownFileType = sourcecode.swift; path = SettingView.swift; sourceTree = "<group>"; };
		47E015392C68A22C000EA732 /* DisasterItemModel.swift */ = {isa = PBXFileReference; lastKnownFileType = sourcecode.swift; path = DisasterItemModel.swift; sourceTree = "<group>"; };
		47E0153D2C6B99C9000EA732 /* FamilyEvacuationPlanView.swift */ = {isa = PBXFileReference; lastKnownFileType = sourcecode.swift; path = FamilyEvacuationPlanView.swift; sourceTree = "<group>"; };
		47E0153F2C6B9AB8000EA732 /* HomeSafetyCheckView.swift */ = {isa = PBXFileReference; lastKnownFileType = sourcecode.swift; path = HomeSafetyCheckView.swift; sourceTree = "<group>"; };
		47E015412C6B9B87000EA732 /* NearbyRiskInfoView.swift */ = {isa = PBXFileReference; lastKnownFileType = sourcecode.swift; path = NearbyRiskInfoView.swift; sourceTree = "<group>"; };
		47E015492C6BDC83000EA732 /* EmergencyContact.swift */ = {isa = PBXFileReference; lastKnownFileType = sourcecode.swift; path = EmergencyContact.swift; sourceTree = "<group>"; };
		47E015532C6C8D27000EA732 /* RecoverySectionView.swift */ = {isa = PBXFileReference; lastKnownFileType = sourcecode.swift; path = RecoverySectionView.swift; sourceTree = "<group>"; };
		47E015552C6C8EAC000EA732 /* DisasterItemsView.swift */ = {isa = PBXFileReference; lastKnownFileType = sourcecode.swift; path = DisasterItemsView.swift; sourceTree = "<group>"; };
		47E015572C6C8EEB000EA732 /* PreparationSectionView.swift */ = {isa = PBXFileReference; lastKnownFileType = sourcecode.swift; path = PreparationSectionView.swift; sourceTree = "<group>"; };
		47E015592C6C9107000EA732 /* DisasterResponseView.swift */ = {isa = PBXFileReference; lastKnownFileType = sourcecode.swift; path = DisasterResponseView.swift; sourceTree = "<group>"; };
		47E0155B2C6C934A000EA732 /* DisasterInfoView.swift */ = {isa = PBXFileReference; lastKnownFileType = sourcecode.swift; path = DisasterInfoView.swift; sourceTree = "<group>"; };
/* End PBXFileReference section */

/* Begin PBXFrameworksBuildPhase section */
		47E0151F2C6898F6000EA732 /* Frameworks */ = {
			isa = PBXFrameworksBuildPhase;
			buildActionMask = 2147483647;
			files = (
			);
			runOnlyForDeploymentPostprocessing = 0;
		};
/* End PBXFrameworksBuildPhase section */

/* Begin PBXGroup section */
		47E015192C6898F6000EA732 = {
			isa = PBXGroup;
			children = (
				47E015242C6898F6000EA732 /* DisasterGuidebook */,
				47E015232C6898F6000EA732 /* Products */,
			);
			sourceTree = "<group>";
		};
		47E015232C6898F6000EA732 /* Products */ = {
			isa = PBXGroup;
			children = (
				47E015222C6898F6000EA732 /* DisasterGuidebook.app */,
			);
			name = Products;
			sourceTree = "<group>";
		};
		47E015242C6898F6000EA732 /* DisasterGuidebook */ = {
			isa = PBXGroup;
			children = (
				47E015522C6C8C14000EA732 /* Setting */,
				47E015512C6C8C03000EA732 /* Contact */,
				47E015502C6C8BE8000EA732 /* DisasterInformation */,
				47E0154F2C6C8BC2000EA732 /* AfterDisaster */,
				47E0154E2C6C8B8F000EA732 /* DuringDisaster */,
				47E015462C6BDA5D000EA732 /* PreDisaster */,
				47E015252C6898F6000EA732 /* DisasterGuidebookApp.swift */,
				47E015272C6898F6000EA732 /* ContentView.swift */,
				47E015292C6898F8000EA732 /* Assets.xcassets */,
				47E0152B2C6898F8000EA732 /* Preview Content */,
				47E015332C689952000EA732 /* MainTabView.swift */,
			);
			path = DisasterGuidebook;
			sourceTree = "<group>";
		};
		47E0152B2C6898F8000EA732 /* Preview Content */ = {
			isa = PBXGroup;
			children = (
				47E0152C2C6898F8000EA732 /* Preview Assets.xcassets */,
			);
			path = "Preview Content";
			sourceTree = "<group>";
		};
		47E015462C6BDA5D000EA732 /* PreDisaster */ = {
			isa = PBXGroup;
			children = (
				47E015412C6B9B87000EA732 /* NearbyRiskInfoView.swift */,
				47E015392C68A22C000EA732 /* DisasterItemModel.swift */,
				47E0153F2C6B9AB8000EA732 /* HomeSafetyCheckView.swift */,
				47E0153D2C6B99C9000EA732 /* FamilyEvacuationPlanView.swift */,
				47E015552C6C8EAC000EA732 /* DisasterItemsView.swift */,
				47E015572C6C8EEB000EA732 /* PreparationSectionView.swift */,
			);
			path = PreDisaster;
			sourceTree = "<group>";
		};
		47E0154E2C6C8B8F000EA732 /* DuringDisaster */ = {
			isa = PBXGroup;
			children = (
				47E015532C6C8D27000EA732 /* RecoverySectionView.swift */,
			);
			path = DuringDisaster;
			sourceTree = "<group>";
		};
		47E0154F2C6C8BC2000EA732 /* AfterDisaster */ = {
			isa = PBXGroup;
			children = (
				47E015592C6C9107000EA732 /* DisasterResponseView.swift */,
			);
			path = AfterDisaster;
			sourceTree = "<group>";
		};
		47E015502C6C8BE8000EA732 /* DisasterInformation */ = {
			isa = PBXGroup;
			children = (
				47E0155B2C6C934A000EA732 /* DisasterInfoView.swift */,
			);
			path = DisasterInformation;
			sourceTree = "<group>";
		};
		47E015512C6C8C03000EA732 /* Contact */ = {
			isa = PBXGroup;
			children = (
				47E015492C6BDC83000EA732 /* EmergencyContact.swift */,
			);
			path = Contact;
			sourceTree = "<group>";
		};
		47E015522C6C8C14000EA732 /* Setting */ = {
			isa = PBXGroup;
			children = (
				47E015352C689A9F000EA732 /* SettingView.swift */,
			);
			path = Setting;
			sourceTree = "<group>";
		};
/* End PBXGroup section */

/* Begin PBXNativeTarget section */
		47E015212C6898F6000EA732 /* DisasterGuidebook */ = {
			isa = PBXNativeTarget;
			buildConfigurationList = 47E015302C6898F8000EA732 /* Build configuration list for PBXNativeTarget "DisasterGuidebook" */;
			buildPhases = (
				47E0151E2C6898F6000EA732 /* Sources */,
				47E0151F2C6898F6000EA732 /* Frameworks */,
				47E015202C6898F6000EA732 /* Resources */,
			);
			buildRules = (
			);
			dependencies = (
			);
			name = DisasterGuidebook;
			productName = DisasterGuidebook;
			productReference = 47E015222C6898F6000EA732 /* DisasterGuidebook.app */;
			productType = "com.apple.product-type.application";
		};
/* End PBXNativeTarget section */

/* Begin PBXProject section */
		47E0151A2C6898F6000EA732 /* Project object */ = {
			isa = PBXProject;
			attributes = {
				BuildIndependentTargetsInParallel = 1;
				LastSwiftUpdateCheck = 1540;
				LastUpgradeCheck = 1540;
				TargetAttributes = {
					47E015212C6898F6000EA732 = {
						CreatedOnToolsVersion = 15.4;
					};
				};
			};
			buildConfigurationList = 47E0151D2C6898F6000EA732 /* Build configuration list for PBXProject "DisasterGuidebook" */;
			compatibilityVersion = "Xcode 14.0";
			developmentRegion = en;
			hasScannedForEncodings = 0;
			knownRegions = (
				en,
				Base,
			);
			mainGroup = 47E015192C6898F6000EA732;
			productRefGroup = 47E015232C6898F6000EA732 /* Products */;
			projectDirPath = "";
			projectRoot = "";
			targets = (
				47E015212C6898F6000EA732 /* DisasterGuidebook */,
			);
		};
/* End PBXProject section */

/* Begin PBXResourcesBuildPhase section */
		47E015202C6898F6000EA732 /* Resources */ = {
			isa = PBXResourcesBuildPhase;
			buildActionMask = 2147483647;
			files = (
				47E0152D2C6898F8000EA732 /* Preview Assets.xcassets in Resources */,
				47E0152A2C6898F8000EA732 /* Assets.xcassets in Resources */,
			);
			runOnlyForDeploymentPostprocessing = 0;
		};
/* End PBXResourcesBuildPhase section */

/* Begin PBXSourcesBuildPhase section */
		47E0151E2C6898F6000EA732 /* Sources */ = {
			isa = PBXSourcesBuildPhase;
			buildActionMask = 2147483647;
			files = (
				47E0153E2C6B99CB000EA732 /* FamilyEvacuationPlanView.swift in Sources */,
				47E015282C6898F6000EA732 /* ContentView.swift in Sources */,
				47E015362C689A9F000EA732 /* SettingView.swift in Sources */,
				47E0155C2C6C934A000EA732 /* DisasterInfoView.swift in Sources */,
				47E015582C6C8EEB000EA732 /* PreparationSectionView.swift in Sources */,
				47E015262C6898F6000EA732 /* DisasterGuidebookApp.swift in Sources */,
				47E015542C6C8D27000EA732 /* RecoverySectionView.swift in Sources */,
				47E0155A2C6C9107000EA732 /* DisasterResponseView.swift in Sources */,
				47E015342C689952000EA732 /* MainTabView.swift in Sources */,
				47E015562C6C8EAC000EA732 /* DisasterItemsView.swift in Sources */,
				47E015402C6B9AB8000EA732 /* HomeSafetyCheckView.swift in Sources */,
				47E015422C6B9B87000EA732 /* NearbyRiskInfoView.swift in Sources */,
				47E0153A2C68A22C000EA732 /* DisasterItemModel.swift in Sources */,
				47E0154A2C6BDC83000EA732 /* EmergencyContact.swift in Sources */,
			);
			runOnlyForDeploymentPostprocessing = 0;
		};
/* End PBXSourcesBuildPhase section */

/* Begin XCBuildConfiguration section */
		47E0152E2C6898F8000EA732 /* Debug */ = {
			isa = XCBuildConfiguration;
			buildSettings = {
				ALWAYS_SEARCH_USER_PATHS = NO;
				ASSETCATALOG_COMPILER_GENERATE_SWIFT_ASSET_SYMBOL_EXTENSIONS = YES;
				CLANG_ANALYZER_NONNULL = YES;
				CLANG_ANALYZER_NUMBER_OBJECT_CONVERSION = YES_AGGRESSIVE;
				CLANG_CXX_LANGUAGE_STANDARD = "gnu++20";
				CLANG_ENABLE_MODULES = YES;
				CLANG_ENABLE_OBJC_ARC = YES;
				CLANG_ENABLE_OBJC_WEAK = YES;
				CLANG_WARN_BLOCK_CAPTURE_AUTORELEASING = YES;
				CLANG_WARN_BOOL_CONVERSION = YES;
				CLANG_WARN_COMMA = YES;
				CLANG_WARN_CONSTANT_CONVERSION = YES;
				CLANG_WARN_DEPRECATED_OBJC_IMPLEMENTATIONS = YES;
				CLANG_WARN_DIRECT_OBJC_ISA_USAGE = YES_ERROR;
				CLANG_WARN_DOCUMENTATION_COMMENTS = YES;
				CLANG_WARN_EMPTY_BODY = YES;
				CLANG_WARN_ENUM_CONVERSION = YES;
				CLANG_WARN_INFINITE_RECURSION = YES;
				CLANG_WARN_INT_CONVERSION = YES;
				CLANG_WARN_NON_LITERAL_NULL_CONVERSION = YES;
				CLANG_WARN_OBJC_IMPLICIT_RETAIN_SELF = YES;
				CLANG_WARN_OBJC_LITERAL_CONVERSION = YES;
				CLANG_WARN_OBJC_ROOT_CLASS = YES_ERROR;
				CLANG_WARN_QUOTED_INCLUDE_IN_FRAMEWORK_HEADER = YES;
				CLANG_WARN_RANGE_LOOP_ANALYSIS = YES;
				CLANG_WARN_STRICT_PROTOTYPES = YES;
				CLANG_WARN_SUSPICIOUS_MOVE = YES;
				CLANG_WARN_UNGUARDED_AVAILABILITY = YES_AGGRESSIVE;
				CLANG_WARN_UNREACHABLE_CODE = YES;
				CLANG_WARN__DUPLICATE_METHOD_MATCH = YES;
				COPY_PHASE_STRIP = NO;
				DEBUG_INFORMATION_FORMAT = dwarf;
				ENABLE_STRICT_OBJC_MSGSEND = YES;
				ENABLE_TESTABILITY = YES;
				ENABLE_USER_SCRIPT_SANDBOXING = YES;
				GCC_C_LANGUAGE_STANDARD = gnu17;
				GCC_DYNAMIC_NO_PIC = NO;
				GCC_NO_COMMON_BLOCKS = YES;
				GCC_OPTIMIZATION_LEVEL = 0;
				GCC_PREPROCESSOR_DEFINITIONS = (
					"DEBUG=1",
					"$(inherited)",
				);
				GCC_WARN_64_TO_32_BIT_CONVERSION = YES;
				GCC_WARN_ABOUT_RETURN_TYPE = YES_ERROR;
				GCC_WARN_UNDECLARED_SELECTOR = YES;
				GCC_WARN_UNINITIALIZED_AUTOS = YES_AGGRESSIVE;
				GCC_WARN_UNUSED_FUNCTION = YES;
				GCC_WARN_UNUSED_VARIABLE = YES;
				IPHONEOS_DEPLOYMENT_TARGET = 17.5;
				LOCALIZATION_PREFERS_STRING_CATALOGS = YES;
				MTL_ENABLE_DEBUG_INFO = INCLUDE_SOURCE;
				MTL_FAST_MATH = YES;
				ONLY_ACTIVE_ARCH = YES;
				SDKROOT = iphoneos;
				SWIFT_ACTIVE_COMPILATION_CONDITIONS = "DEBUG $(inherited)";
				SWIFT_OPTIMIZATION_LEVEL = "-Onone";
			};
			name = Debug;
		};
		47E0152F2C6898F8000EA732 /* Release */ = {
			isa = XCBuildConfiguration;
			buildSettings = {
				ALWAYS_SEARCH_USER_PATHS = NO;
				ASSETCATALOG_COMPILER_GENERATE_SWIFT_ASSET_SYMBOL_EXTENSIONS = YES;
				CLANG_ANALYZER_NONNULL = YES;
				CLANG_ANALYZER_NUMBER_OBJECT_CONVERSION = YES_AGGRESSIVE;
				CLANG_CXX_LANGUAGE_STANDARD = "gnu++20";
				CLANG_ENABLE_MODULES = YES;
				CLANG_ENABLE_OBJC_ARC = YES;
				CLANG_ENABLE_OBJC_WEAK = YES;
				CLANG_WARN_BLOCK_CAPTURE_AUTORELEASING = YES;
				CLANG_WARN_BOOL_CONVERSION = YES;
				CLANG_WARN_COMMA = YES;
				CLANG_WARN_CONSTANT_CONVERSION = YES;
				CLANG_WARN_DEPRECATED_OBJC_IMPLEMENTATIONS = YES;
				CLANG_WARN_DIRECT_OBJC_ISA_USAGE = YES_ERROR;
				CLANG_WARN_DOCUMENTATION_COMMENTS = YES;
				CLANG_WARN_EMPTY_BODY = YES;
				CLANG_WARN_ENUM_CONVERSION = YES;
				CLANG_WARN_INFINITE_RECURSION = YES;
				CLANG_WARN_INT_CONVERSION = YES;
				CLANG_WARN_NON_LITERAL_NULL_CONVERSION = YES;
				CLANG_WARN_OBJC_IMPLICIT_RETAIN_SELF = YES;
				CLANG_WARN_OBJC_LITERAL_CONVERSION = YES;
				CLANG_WARN_OBJC_ROOT_CLASS = YES_ERROR;
				CLANG_WARN_QUOTED_INCLUDE_IN_FRAMEWORK_HEADER = YES;
				CLANG_WARN_RANGE_LOOP_ANALYSIS = YES;
				CLANG_WARN_STRICT_PROTOTYPES = YES;
				CLANG_WARN_SUSPICIOUS_MOVE = YES;
				CLANG_WARN_UNGUARDED_AVAILABILITY = YES_AGGRESSIVE;
				CLANG_WARN_UNREACHABLE_CODE = YES;
				CLANG_WARN__DUPLICATE_METHOD_MATCH = YES;
				COPY_PHASE_STRIP = NO;
				DEBUG_INFORMATION_FORMAT = "dwarf-with-dsym";
				ENABLE_NS_ASSERTIONS = NO;
				ENABLE_STRICT_OBJC_MSGSEND = YES;
				ENABLE_USER_SCRIPT_SANDBOXING = YES;
				GCC_C_LANGUAGE_STANDARD = gnu17;
				GCC_NO_COMMON_BLOCKS = YES;
				GCC_WARN_64_TO_32_BIT_CONVERSION = YES;
				GCC_WARN_ABOUT_RETURN_TYPE = YES_ERROR;
				GCC_WARN_UNDECLARED_SELECTOR = YES;
				GCC_WARN_UNINITIALIZED_AUTOS = YES_AGGRESSIVE;
				GCC_WARN_UNUSED_FUNCTION = YES;
				GCC_WARN_UNUSED_VARIABLE = YES;
				IPHONEOS_DEPLOYMENT_TARGET = 17.5;
				LOCALIZATION_PREFERS_STRING_CATALOGS = YES;
				MTL_ENABLE_DEBUG_INFO = NO;
				MTL_FAST_MATH = YES;
				SDKROOT = iphoneos;
				SWIFT_COMPILATION_MODE = wholemodule;
				VALIDATE_PRODUCT = YES;
			};
			name = Release;
		};
		47E015312C6898F8000EA732 /* Debug */ = {
			isa = XCBuildConfiguration;
			buildSettings = {
				ASSETCATALOG_COMPILER_APPICON_NAME = AppIcon;
				ASSETCATALOG_COMPILER_GLOBAL_ACCENT_COLOR_NAME = AccentColor;
				CODE_SIGN_STYLE = Automatic;
				CURRENT_PROJECT_VERSION = 1;
				DEVELOPMENT_ASSET_PATHS = "\"DisasterGuidebook/Preview Content\"";
				DEVELOPMENT_TEAM = HB2C2JWPK5;
				ENABLE_PREVIEWS = YES;
				GENERATE_INFOPLIST_FILE = YES;
				INFOPLIST_KEY_UIApplicationSceneManifest_Generation = YES;
				INFOPLIST_KEY_UIApplicationSupportsIndirectInputEvents = YES;
				INFOPLIST_KEY_UILaunchScreen_Generation = YES;
				INFOPLIST_KEY_UISupportedInterfaceOrientations_iPad = "UIInterfaceOrientationPortrait UIInterfaceOrientationPortraitUpsideDown UIInterfaceOrientationLandscapeLeft UIInterfaceOrientationLandscapeRight";
				INFOPLIST_KEY_UISupportedInterfaceOrientations_iPhone = "UIInterfaceOrientationPortrait UIInterfaceOrientationLandscapeLeft UIInterfaceOrientationLandscapeRight";
				LD_RUNPATH_SEARCH_PATHS = (
					"$(inherited)",
					"@executable_path/Frameworks",
				);
				MARKETING_VERSION = 1.0;
				PRODUCT_BUNDLE_IDENTIFIER = Iccyan21.DisasterGuidebook;
				PRODUCT_NAME = "$(TARGET_NAME)";
				SWIFT_EMIT_LOC_STRINGS = YES;
				SWIFT_VERSION = 5.0;
				TARGETED_DEVICE_FAMILY = "1,2";
			};
			name = Debug;
		};
		47E015322C6898F8000EA732 /* Release */ = {
			isa = XCBuildConfiguration;
			buildSettings = {
				ASSETCATALOG_COMPILER_APPICON_NAME = AppIcon;
				ASSETCATALOG_COMPILER_GLOBAL_ACCENT_COLOR_NAME = AccentColor;
				CODE_SIGN_STYLE = Automatic;
				CURRENT_PROJECT_VERSION = 1;
				DEVELOPMENT_ASSET_PATHS = "\"DisasterGuidebook/Preview Content\"";
				DEVELOPMENT_TEAM = HB2C2JWPK5;
				ENABLE_PREVIEWS = YES;
				GENERATE_INFOPLIST_FILE = YES;
				INFOPLIST_KEY_UIApplicationSceneManifest_Generation = YES;
				INFOPLIST_KEY_UIApplicationSupportsIndirectInputEvents = YES;
				INFOPLIST_KEY_UILaunchScreen_Generation = YES;
				INFOPLIST_KEY_UISupportedInterfaceOrientations_iPad = "UIInterfaceOrientationPortrait UIInterfaceOrientationPortraitUpsideDown UIInterfaceOrientationLandscapeLeft UIInterfaceOrientationLandscapeRight";
				INFOPLIST_KEY_UISupportedInterfaceOrientations_iPhone = "UIInterfaceOrientationPortrait UIInterfaceOrientationLandscapeLeft UIInterfaceOrientationLandscapeRight";
				LD_RUNPATH_SEARCH_PATHS = (
					"$(inherited)",
					"@executable_path/Frameworks",
				);
				MARKETING_VERSION = 1.0;
				PRODUCT_BUNDLE_IDENTIFIER = Iccyan21.DisasterGuidebook;
				PRODUCT_NAME = "$(TARGET_NAME)";
				SWIFT_EMIT_LOC_STRINGS = YES;
				SWIFT_VERSION = 5.0;
				TARGETED_DEVICE_FAMILY = "1,2";
			};
			name = Release;
		};
/* End XCBuildConfiguration section */

/* Begin XCConfigurationList section */
		47E0151D2C6898F6000EA732 /* Build configuration list for PBXProject "DisasterGuidebook" */ = {
			isa = XCConfigurationList;
			buildConfigurations = (
				47E0152E2C6898F8000EA732 /* Debug */,
				47E0152F2C6898F8000EA732 /* Release */,
			);
			defaultConfigurationIsVisible = 0;
			defaultConfigurationName = Release;
		};
		47E015302C6898F8000EA732 /* Build configuration list for PBXNativeTarget "DisasterGuidebook" */ = {
			isa = XCConfigurationList;
			buildConfigurations = (
				47E015312C6898F8000EA732 /* Debug */,
				47E015322C6898F8000EA732 /* Release */,
			);
			defaultConfigurationIsVisible = 0;
			defaultConfigurationName = Release;
		};
/* End XCConfigurationList section */
	};
	rootObject = 47E0151A2C6898F6000EA732 /* Project object */;
}
